
Microsoft Visual Studio Solution File, Format Version 12.00
# Visual Studio Version 16
VisualStudioVersion = 16.0.31911.196
MinimumVisualStudioVersion = 10.0.40219.1
Project("{8BC9CEB8-8B4A-11D0-8D11-00A0C91BC942}") = "Rollenspiel", "Rollenspiel.vcxproj", "{0FC73DDC-5807-404B-AF2F-CC8D956CCD42}"
EndProject
Global
	GlobalSection(SolutionConfigurationPlatforms) = preSolution
		Debug|x64 = Debug|x64
		Debug|x86 = Debug|x86
		Release|x64 = Release|x64
		Release|x86 = Release|x86
	EndGlobalSection
	GlobalSection(ProjectConfigurationPlatforms) = postSolution
		{0FC73DDC-5807-404B-AF2F-CC8D956CCD42}.Debug|x64.ActiveCfg = Debug|x64
		{0FC73DDC-5807-404B-AF2F-CC8D956CCD42}.Debug|x64.Build.0 = Debug|x64
		{0FC73DDC-5807-404B-AF2F-CC8D956CCD42}.Debug|x86.ActiveCfg = Debug|Win32
		{0FC73DDC-5807-404B-AF2F-CC8D956CCD42}.Debug|x86.Build.0 = Debug|Win32
		{0FC73DDC-5807-404B-AF2F-CC8D956CCD42}.Release|x64.ActiveCfg = Release|x64
		{0FC73DDC-5807-404B-AF2F-CC8D956CCD42}.Release|x64.Build.0 = Release|x64
		{0FC73DDC-5807-404B-AF2F-CC8D956CCD42}.Release|x86.ActiveCfg = Release|Win32
		{0FC73DDC-5807-404B-AF2F-CC8D956CCD42}.Release|x86.Build.0 = Release|Win32
	EndGlobalSection
	GlobalSection(SolutionProperties) = preSolution
		HideSolutionNode = FALSE
	EndGlobalSection
	GlobalSection(ExtensibilityGlobals) = postSolution
		SolutionGuid = {B3142765-76EA-46E1-B1D7-F6B24136CE2C}
	EndGlobalSection
EndGlobal
